
Microsoft Visual Studio Solution File, Format Version 12.00
# Visual Studio 15
Project("{FAE04EC0-301F-11D3-BF4B-00C04F79EFBC}") = "guru99-practical-soap-example", "guru99-practical-soap-example.csproj", "{8DBECE6C-C446-4A9E-87FD-FB12D91F8928}"
EndProject
Project("{FAE04EC0-301F-11D3-BF4B-00C04F79EFBC}") = "guru99-practical-soap-example.Tests", "guru99-practical-soap-example.Tests\guru99-practical-soap-example.Tests.csproj", "{405BC729-3BD3-4F08-9E6E-B6D64D29C43C}"
EndProject
Global
	GlobalSection(SolutionConfigurationPlatforms) = preSolution
		Debug|Any CPU = Debug|Any CPU
		Release|Any CPU = Release|Any CPU
	EndGlobalSection
	GlobalSection(ProjectConfigurationPlatforms) = postSolution
		{8DBECE6C-C446-4A9E-87FD-FB12D91F8928}.Debug|Any CPU.ActiveCfg = Debug|Any CPU
		{8DBECE6C-C446-4A9E-87FD-FB12D91F8928}.Debug|Any CPU.Build.0 = Debug|Any CPU
		{8DBECE6C-C446-4A9E-87FD-FB12D91F8928}.Release|Any CPU.ActiveCfg = Release|Any CPU
		{8DBECE6C-C446-4A9E-87FD-FB12D91F8928}.Release|Any CPU.Build.0 = Release|Any CPU
		{405BC729-3BD3-4F08-9E6E-B6D64D29C43C}.Debug|Any CPU.ActiveCfg = Debug|Any CPU
		{405BC729-3BD3-4F08-9E6E-B6D64D29C43C}.Debug|Any CPU.Build.0 = Debug|Any CPU
		{405BC729-3BD3-4F08-9E6E-B6D64D29C43C}.Release|Any CPU.ActiveCfg = Release|Any CPU
		{405BC729-3BD3-4F08-9E6E-B6D64D29C43C}.Release|Any CPU.Build.0 = Release|Any CPU
	EndGlobalSection
EndGlobal
